
Microsoft Visual Studio Solution File, Format Version 12.00
# Visual Studio Version 17
VisualStudioVersion = 17.5.33414.496
MinimumVisualStudioVersion = 10.0.40219.1
Project("{9A19103F-16F7-4668-BE54-9A1E7A4F7556}") = "EntityLayer", "EntityLayer\EntityLayer.csproj", "{2C875B08-21F7-458A-A16F-0F060DC1C60E}"
EndProject
Project("{9A19103F-16F7-4668-BE54-9A1E7A4F7556}") = "BusinessLayer", "BusinessLayer\BusinessLayer.csproj", "{B38FD3FD-4CC0-4890-B5DC-15FC7B0F8F92}"
EndProject
Project("{9A19103F-16F7-4668-BE54-9A1E7A4F7556}") = "DataAccessLayer", "DataAccessLayer\DataAccessLayer.csproj", "{93ADEBC9-3901-4A47-B3BF-DAFB824F0E5F}"
EndProject
Project("{9A19103F-16F7-4668-BE54-9A1E7A4F7556}") = "API", "API\API.csproj", "{495C92C1-DF35-48FD-9838-03798C37AB2C}"
EndProject
Project("{9A19103F-16F7-4668-BE54-9A1E7A4F7556}") = "WebUI", "WebUI\WebUI.csproj", "{9814C5F2-06FF-441A-8290-F4A79208AF10}"
EndProject
Global
	GlobalSection(SolutionConfigurationPlatforms) = preSolution
		Debug|Any CPU = Debug|Any CPU
		Release|Any CPU = Release|Any CPU
	EndGlobalSection
	GlobalSection(ProjectConfigurationPlatforms) = postSolution
		{2C875B08-21F7-458A-A16F-0F060DC1C60E}.Debug|Any CPU.ActiveCfg = Debug|Any CPU
		{2C875B08-21F7-458A-A16F-0F060DC1C60E}.Debug|Any CPU.Build.0 = Debug|Any CPU
		{2C875B08-21F7-458A-A16F-0F060DC1C60E}.Release|Any CPU.ActiveCfg = Release|Any CPU
		{2C875B08-21F7-458A-A16F-0F060DC1C60E}.Release|Any CPU.Build.0 = Release|Any CPU
		{B38FD3FD-4CC0-4890-B5DC-15FC7B0F8F92}.Debug|Any CPU.ActiveCfg = Debug|Any CPU
		{B38FD3FD-4CC0-4890-B5DC-15FC7B0F8F92}.Debug|Any CPU.Build.0 = Debug|Any CPU
		{B38FD3FD-4CC0-4890-B5DC-15FC7B0F8F92}.Release|Any CPU.ActiveCfg = Release|Any CPU
		{B38FD3FD-4CC0-4890-B5DC-15FC7B0F8F92}.Release|Any CPU.Build.0 = Release|Any CPU
		{93ADEBC9-3901-4A47-B3BF-DAFB824F0E5F}.Debug|Any CPU.ActiveCfg = Debug|Any CPU
		{93ADEBC9-3901-4A47-B3BF-DAFB824F0E5F}.Debug|Any CPU.Build.0 = Debug|Any CPU
		{93ADEBC9-3901-4A47-B3BF-DAFB824F0E5F}.Release|Any CPU.ActiveCfg = Release|Any CPU
		{93ADEBC9-3901-4A47-B3BF-DAFB824F0E5F}.Release|Any CPU.Build.0 = Release|Any CPU
		{495C92C1-DF35-48FD-9838-03798C37AB2C}.Debug|Any CPU.ActiveCfg = Debug|Any CPU
		{495C92C1-DF35-48FD-9838-03798C37AB2C}.Debug|Any CPU.Build.0 = Debug|Any CPU
		{495C92C1-DF35-48FD-9838-03798C37AB2C}.Release|Any CPU.ActiveCfg = Release|Any CPU
		{495C92C1-DF35-48FD-9838-03798C37AB2C}.Release|Any CPU.Build.0 = Release|Any CPU
		{9814C5F2-06FF-441A-8290-F4A79208AF10}.Debug|Any CPU.ActiveCfg = Debug|Any CPU
		{9814C5F2-06FF-441A-8290-F4A79208AF10}.Debug|Any CPU.Build.0 = Debug|Any CPU
		{9814C5F2-06FF-441A-8290-F4A79208AF10}.Release|Any CPU.ActiveCfg = Release|Any CPU
		{9814C5F2-06FF-441A-8290-F4A79208AF10}.Release|Any CPU.Build.0 = Release|Any CPU
	EndGlobalSection
	GlobalSection(SolutionProperties) = preSolution
		HideSolutionNode = FALSE
	EndGlobalSection
	GlobalSection(ExtensibilityGlobals) = postSolution
		SolutionGuid = {08A90E75-53BD-4AD3-ADAB-38CF36C89F63}
	EndGlobalSection
EndGlobal
